
Microsoft Visual Studio Solution File, Format Version 12.00
# Visual Studio Version 17
VisualStudioVersion = 17.5.33530.505
MinimumVisualStudioVersion = 10.0.40219.1
Project("{C9674DCB-5085-4A16-B785-4C70DD1589BD}") = "Lab_01_ssis", "Lab_01_ssis.dtproj", "{ABB8EA8E-90E4-4D9C-A590-88BAF2D8E99F}"
EndProject
Global
	GlobalSection(SolutionConfigurationPlatforms) = preSolution
		Development|Default = Development|Default
	EndGlobalSection
	GlobalSection(ProjectConfigurationPlatforms) = postSolution
		{ABB8EA8E-90E4-4D9C-A590-88BAF2D8E99F}.Development|Default.ActiveCfg = Development
		{ABB8EA8E-90E4-4D9C-A590-88BAF2D8E99F}.Development|Default.Build.0 = Development
	EndGlobalSection
	GlobalSection(SolutionProperties) = preSolution
		HideSolutionNode = FALSE
	EndGlobalSection
	GlobalSection(ExtensibilityGlobals) = postSolution
		SolutionGuid = {15C34BD9-6395-4156-B9C2-F774E9EEBD6E}
	EndGlobalSection
EndGlobal
